
Microsoft Visual Studio Solution File, Format Version 12.00
# Visual Studio Version 16
VisualStudioVersion = 16.0.31205.134
MinimumVisualStudioVersion = 10.0.40219.1
Project("{FAE04EC0-301F-11D3-BF4B-00C04F79EFBC}") = "WpfApp1", "WpfApp1\WpfApp1.csproj", "{B5B0F84C-5A0C-46E9-9B64-BBD862472877}"
EndProject
Global
	GlobalSection(SolutionConfigurationPlatforms) = preSolution
		Debug|Any CPU = Debug|Any CPU
		Release|Any CPU = Release|Any CPU
	EndGlobalSection
	GlobalSection(ProjectConfigurationPlatforms) = postSolution
		{B5B0F84C-5A0C-46E9-9B64-BBD862472877}.Debug|Any CPU.ActiveCfg = Debug|Any CPU
		{B5B0F84C-5A0C-46E9-9B64-BBD862472877}.Debug|Any CPU.Build.0 = Debug|Any CPU
		{B5B0F84C-5A0C-46E9-9B64-BBD862472877}.Release|Any CPU.ActiveCfg = Release|Any CPU
		{B5B0F84C-5A0C-46E9-9B64-BBD862472877}.Release|Any CPU.Build.0 = Release|Any CPU
	EndGlobalSection
	GlobalSection(SolutionProperties) = preSolution
		HideSolutionNode = FALSE
	EndGlobalSection
	GlobalSection(ExtensibilityGlobals) = postSolution
		SolutionGuid = {2B3A4635-BD19-4077-8FC1-1C1624F4B109}
	EndGlobalSection
EndGlobal
